// !$*UTF8*$!
{
	archiveVersion = 1;
	classes = {
	};
	objectVersion = 46;
	objects = {

/* Begin PBXBuildFile section */
		D7E350C71C67C1C200D60CD8 /* AppDelegate.swift in Sources */ = {isa = PBXBuildFile; fileRef = D7E350C61C67C1C200D60CD8 /* AppDelegate.swift */; };
		D7E350C91C67C1C200D60CD8 /* AddLibroViewController.swift in Sources */ = {isa = PBXBuildFile; fileRef = D7E350C81C67C1C200D60CD8 /* AddLibroViewController.swift */; };
		D7E350CC1C67C1C200D60CD8 /* Main.storyboard in Resources */ = {isa = PBXBuildFile; fileRef = D7E350CA1C67C1C200D60CD8 /* Main.storyboard */; };
		D7E350CF1C67C1C200D60CD8 /* BookSearch4.xcdatamodeld in Sources */ = {isa = PBXBuildFile; fileRef = D7E350CD1C67C1C200D60CD8 /* BookSearch4.xcdatamodeld */; };
		D7E350D11C67C1C300D60CD8 /* Assets.xcassets in Resources */ = {isa = PBXBuildFile; fileRef = D7E350D01C67C1C300D60CD8 /* Assets.xcassets */; };
		D7E350D41C67C1C300D60CD8 /* LaunchScreen.storyboard in Resources */ = {isa = PBXBuildFile; fileRef = D7E350D21C67C1C300D60CD8 /* LaunchScreen.storyboard */; };
		D7E350DC1C67C37800D60CD8 /* LibroViewController.swift in Sources */ = {isa = PBXBuildFile; fileRef = D7E350DB1C67C37800D60CD8 /* LibroViewController.swift */; settings = {ASSET_TAGS = (); }; };
		D7E350E01C67C38E00D60CD8 /* HRToast+UIView.swift in Sources */ = {isa = PBXBuildFile; fileRef = D7E350DD1C67C38E00D60CD8 /* HRToast+UIView.swift */; settings = {ASSET_TAGS = (); }; };
		D7E350E11C67C38E00D60CD8 /* Libro.swift in Sources */ = {isa = PBXBuildFile; fileRef = D7E350DE1C67C38E00D60CD8 /* Libro.swift */; settings = {ASSET_TAGS = (); }; };
		D7E350E21C67C38E00D60CD8 /* LibrosTableViewController.swift in Sources */ = {isa = PBXBuildFile; fileRef = D7E350DF1C67C38E00D60CD8 /* LibrosTableViewController.swift */; settings = {ASSET_TAGS = (); }; };
		D7E350E41C67C62F00D60CD8 /* LibroData.swift in Sources */ = {isa = PBXBuildFile; fileRef = D7E350E31C67C62F00D60CD8 /* LibroData.swift */; settings = {ASSET_TAGS = (); }; };
		D7E350E61C67C8A800D60CD8 /* LibroDao.swift in Sources */ = {isa = PBXBuildFile; fileRef = D7E350E51C67C8A800D60CD8 /* LibroDao.swift */; settings = {ASSET_TAGS = (); }; };
/* End PBXBuildFile section */

/* Begin PBXFileReference section */
		D7E350C31C67C1C200D60CD8 /* BookSearch4.app */ = {isa = PBXFileReference; explicitFileType = wrapper.application; includeInIndex = 0; path = BookSearch4.app; sourceTree = BUILT_PRODUCTS_DIR; };
		D7E350C61C67C1C200D60CD8 /* AppDelegate.swift */ = {isa = PBXFileReference; lastKnownFileType = sourcecode.swift; path = AppDelegate.swift; sourceTree = "<group>"; };
		D7E350C81C67C1C200D60CD8 /* AddLibroViewController.swift */ = {isa = PBXFileReference; lastKnownFileType = sourcecode.swift; path = AddLibroViewController.swift; sourceTree = "<group>"; };
		D7E350CB1C67C1C200D60CD8 /* Base */ = {isa = PBXFileReference; lastKnownFileType = file.storyboard; name = Base; path = Base.lproj/Main.storyboard; sourceTree = "<group>"; };
		D7E350CE1C67C1C200D60CD8 /* BookSearch4.xcdatamodel */ = {isa = PBXFileReference; lastKnownFileType = wrapper.xcdatamodel; path = BookSearch4.xcdatamodel; sourceTree = "<group>"; };
		D7E350D01C67C1C300D60CD8 /* Assets.xcassets */ = {isa = PBXFileReference; lastKnownFileType = folder.assetcatalog; path = Assets.xcassets; sourceTree = "<group>"; };
		D7E350D31C67C1C300D60CD8 /* Base */ = {isa = PBXFileReference; lastKnownFileType = file.storyboard; name = Base; path = Base.lproj/LaunchScreen.storyboard; sourceTree = "<group>"; };
		D7E350D51C67C1C300D60CD8 /* Info.plist */ = {isa = PBXFileReference; lastKnownFileType = text.plist.xml; path = Info.plist; sourceTree = "<group>"; };
		D7E350DB1C67C37800D60CD8 /* LibroViewController.swift */ = {isa = PBXFileReference; fileEncoding = 4; lastKnownFileType = sourcecode.swift; path = LibroViewController.swift; sourceTree = "<group>"; };
		D7E350DD1C67C38E00D60CD8 /* HRToast+UIView.swift */ = {isa = PBXFileReference; fileEncoding = 4; lastKnownFileType = sourcecode.swift; path = "HRToast+UIView.swift"; sourceTree = "<group>"; };
		D7E350DE1C67C38E00D60CD8 /* Libro.swift */ = {isa = PBXFileReference; fileEncoding = 4; lastKnownFileType = sourcecode.swift; path = Libro.swift; sourceTree = "<group>"; };
		D7E350DF1C67C38E00D60CD8 /* LibrosTableViewController.swift */ = {isa = PBXFileReference; fileEncoding = 4; lastKnownFileType = sourcecode.swift; path = LibrosTableViewController.swift; sourceTree = "<group>"; };
		D7E350E31C67C62F00D60CD8 /* LibroData.swift */ = {isa = PBXFileReference; fileEncoding = 4; lastKnownFileType = sourcecode.swift; path = LibroData.swift; sourceTree = "<group>"; };
		D7E350E51C67C8A800D60CD8 /* LibroDao.swift */ = {isa = PBXFileReference; fileEncoding = 4; lastKnownFileType = sourcecode.swift; path = LibroDao.swift; sourceTree = "<group>"; };
/* End PBXFileReference section */

/* Begin PBXFrameworksBuildPhase section */
		D7E350C01C67C1C200D60CD8 /* Frameworks */ = {
			isa = PBXFrameworksBuildPhase;
			buildActionMask = 2147483647;
			files = (
			);
			runOnlyForDeploymentPostprocessing = 0;
		};
/* End PBXFrameworksBuildPhase section */

/* Begin PBXGroup section */
		D7E350BA1C67C1C200D60CD8 = {
			isa = PBXGroup;
			children = (
				D7E350C51C67C1C200D60CD8 /* BookSearch4 */,
				D7E350C41C67C1C200D60CD8 /* Products */,
			);
			sourceTree = "<group>";
		};
		D7E350C41C67C1C200D60CD8 /* Products */ = {
			isa = PBXGroup;
			children = (
				D7E350C31C67C1C200D60CD8 /* BookSearch4.app */,
			);
			name = Products;
			sourceTree = "<group>";
		};
		D7E350C51C67C1C200D60CD8 /* BookSearch4 */ = {
			isa = PBXGroup;
			children = (
				D7E350C61C67C1C200D60CD8 /* AppDelegate.swift */,
				D7E350DD1C67C38E00D60CD8 /* HRToast+UIView.swift */,
				D7E350DF1C67C38E00D60CD8 /* LibrosTableViewController.swift */,
				D7E350C81C67C1C200D60CD8 /* AddLibroViewController.swift */,
				D7E350DB1C67C37800D60CD8 /* LibroViewController.swift */,
				D7E350DE1C67C38E00D60CD8 /* Libro.swift */,
				D7E350E31C67C62F00D60CD8 /* LibroData.swift */,
				D7E350E51C67C8A800D60CD8 /* LibroDao.swift */,
				D7E350CA1C67C1C200D60CD8 /* Main.storyboard */,
				D7E350D01C67C1C300D60CD8 /* Assets.xcassets */,
				D7E350D21C67C1C300D60CD8 /* LaunchScreen.storyboard */,
				D7E350D51C67C1C300D60CD8 /* Info.plist */,
				D7E350CD1C67C1C200D60CD8 /* BookSearch4.xcdatamodeld */,
			);
			path = BookSearch4;
			sourceTree = "<group>";
		};
/* End PBXGroup section */

/* Begin PBXNativeTarget section */
		D7E350C21C67C1C200D60CD8 /* BookSearch4 */ = {
			isa = PBXNativeTarget;
			buildConfigurationList = D7E350D81C67C1C300D60CD8 /* Build configuration list for PBXNativeTarget "BookSearch4" */;
			buildPhases = (
				D7E350BF1C67C1C200D60CD8 /* Sources */,
				D7E350C01C67C1C200D60CD8 /* Frameworks */,
				D7E350C11C67C1C200D60CD8 /* Resources */,
			);
			buildRules = (
			);
			dependencies = (
			);
			name = BookSearch4;
			productName = BookSearch4;
			productReference = D7E350C31C67C1C200D60CD8 /* BookSearch4.app */;
			productType = "com.apple.product-type.application";
		};
/* End PBXNativeTarget section */

/* Begin PBXProject section */
		D7E350BB1C67C1C200D60CD8 /* Project object */ = {
			isa = PBXProject;
			attributes = {
				LastUpgradeCheck = 0700;
				ORGANIZATIONNAME = Dev;
				TargetAttributes = {
					D7E350C21C67C1C200D60CD8 = {
						CreatedOnToolsVersion = 7.0.1;
					};
				};
			};
			buildConfigurationList = D7E350BE1C67C1C200D60CD8 /* Build configuration list for PBXProject "BookSearch4" */;
			compatibilityVersion = "Xcode 3.2";
			developmentRegion = English;
			hasScannedForEncodings = 0;
			knownRegions = (
				en,
				Base,
			);
			mainGroup = D7E350BA1C67C1C200D60CD8;
			productRefGroup = D7E350C41C67C1C200D60CD8 /* Products */;
			projectDirPath = "";
			projectRoot = "";
			targets = (
				D7E350C21C67C1C200D60CD8 /* BookSearch4 */,
			);
		};
/* End PBXProject section */

/* Begin PBXResourcesBuildPhase section */
		D7E350C11C67C1C200D60CD8 /* Resources */ = {
			isa = PBXResourcesBuildPhase;
			buildActionMask = 2147483647;
			files = (
				D7E350D41C67C1C300D60CD8 /* LaunchScreen.storyboard in Resources */,
				D7E350D11C67C1C300D60CD8 /* Assets.xcassets in Resources */,
				D7E350CC1C67C1C200D60CD8 /* Main.storyboard in Resources */,
			);
			runOnlyForDeploymentPostprocessing = 0;
		};
/* End PBXResourcesBuildPhase section */

/* Begin PBXSourcesBuildPhase section */
		D7E350BF1C67C1C200D60CD8 /* Sources */ = {
			isa = PBXSourcesBuildPhase;
			buildActionMask = 2147483647;
			files = (
				D7E350E11C67C38E00D60CD8 /* Libro.swift in Sources */,
				D7E350C91C67C1C200D60CD8 /* AddLibroViewController.swift in Sources */,
				D7E350E21C67C38E00D60CD8 /* LibrosTableViewController.swift in Sources */,
				D7E350E01C67C38E00D60CD8 /* HRToast+UIView.swift in Sources */,
				D7E350E41C67C62F00D60CD8 /* LibroData.swift in Sources */,
				D7E350CF1C67C1C200D60CD8 /* BookSearch4.xcdatamodeld in Sources */,
				D7E350C71C67C1C200D60CD8 /* AppDelegate.swift in Sources */,
				D7E350DC1C67C37800D60CD8 /* LibroViewController.swift in Sources */,
				D7E350E61C67C8A800D60CD8 /* LibroDao.swift in Sources */,
			);
			runOnlyForDeploymentPostprocessing = 0;
		};
/* End PBXSourcesBuildPhase section */

/* Begin PBXVariantGroup section */
		D7E350CA1C67C1C200D60CD8 /* Main.storyboard */ = {
			isa = PBXVariantGroup;
			children = (
				D7E350CB1C67C1C200D60CD8 /* Base */,
			);
			name = Main.storyboard;
			sourceTree = "<group>";
		};
		D7E350D21C67C1C300D60CD8 /* LaunchScreen.storyboard */ = {
			isa = PBXVariantGroup;
			children = (
				D7E350D31C67C1C300D60CD8 /* Base */,
			);
			name = LaunchScreen.storyboard;
			sourceTree = "<group>";
		};
/* End PBXVariantGroup section */

/* Begin XCBuildConfiguration section */
		D7E350D61C67C1C300D60CD8 /* Debug */ = {
			isa = XCBuildConfiguration;
			buildSettings = {
				ALWAYS_SEARCH_USER_PATHS = NO;
				CLANG_CXX_LANGUAGE_STANDARD = "gnu++0x";
				CLANG_CXX_LIBRARY = "libc++";
				CLANG_ENABLE_MODULES = YES;
				CLANG_ENABLE_OBJC_ARC = YES;
				CLANG_WARN_BOOL_CONVERSION = YES;
				CLANG_WARN_CONSTANT_CONVERSION = YES;
				CLANG_WARN_DIRECT_OBJC_ISA_USAGE = YES_ERROR;
				CLANG_WARN_EMPTY_BODY = YES;
				CLANG_WARN_ENUM_CONVERSION = YES;
				CLANG_WARN_INT_CONVERSION = YES;
				CLANG_WARN_OBJC_ROOT_CLASS = YES_ERROR;
				CLANG_WARN_UNREACHABLE_CODE = YES;
				CLANG_WARN__DUPLICATE_METHOD_MATCH = YES;
				"CODE_SIGN_IDENTITY[sdk=iphoneos*]" = "iPhone Developer";
				COPY_PHASE_STRIP = NO;
				DEBUG_INFORMATION_FORMAT = dwarf;
				ENABLE_STRICT_OBJC_MSGSEND = YES;
				ENABLE_TESTABILITY = YES;
				GCC_C_LANGUAGE_STANDARD = gnu99;
				GCC_DYNAMIC_NO_PIC = NO;
				GCC_NO_COMMON_BLOCKS = YES;
				GCC_OPTIMIZATION_LEVEL = 0;
				GCC_PREPROCESSOR_DEFINITIONS = (
					"DEBUG=1",
					"$(inherited)",
				);
				GCC_WARN_64_TO_32_BIT_CONVERSION = YES;
				GCC_WARN_ABOUT_RETURN_TYPE = YES_ERROR;
				GCC_WARN_UNDECLARED_SELECTOR = YES;
				GCC_WARN_UNINITIALIZED_AUTOS = YES_AGGRESSIVE;
				GCC_WARN_UNUSED_FUNCTION = YES;
				GCC_WARN_UNUSED_VARIABLE = YES;
				IPHONEOS_DEPLOYMENT_TARGET = 9.0;
				MTL_ENABLE_DEBUG_INFO = YES;
				ONLY_ACTIVE_ARCH = YES;
				SDKROOT = iphoneos;
				SWIFT_OPTIMIZATION_LEVEL = "-Onone";
				TARGETED_DEVICE_FAMILY = "1,2";
			};
			name = Debug;
		};
		D7E350D71C67C1C300D60CD8 /* Release */ = {
			isa = XCBuildConfiguration;
			buildSettings = {
				ALWAYS_SEARCH_USER_PATHS = NO;
				CLANG_CXX_LANGUAGE_STANDARD = "gnu++0x";
				CLANG_CXX_LIBRARY = "libc++";
				CLANG_ENABLE_MODULES = YES;
				CLANG_ENABLE_OBJC_ARC = YES;
				CLANG_WARN_BOOL_CONVERSION = YES;
				CLANG_WARN_CONSTANT_CONVERSION = YES;
				CLANG_WARN_DIRECT_OBJC_ISA_USAGE = YES_ERROR;
				CLANG_WARN_EMPTY_BODY = YES;
				CLANG_WARN_ENUM_CONVERSION = YES;
				CLANG_WARN_INT_CONVERSION = YES;
				CLANG_WARN_OBJC_ROOT_CLASS = YES_ERROR;
				CLANG_WARN_UNREACHABLE_CODE = YES;
				CLANG_WARN__DUPLICATE_METHOD_MATCH = YES;
				"CODE_SIGN_IDENTITY[sdk=iphoneos*]" = "iPhone Developer";
				COPY_PHASE_STRIP = NO;
				DEBUG_INFORMATION_FORMAT = "dwarf-with-dsym";
				ENABLE_NS_ASSERTIONS = NO;
				ENABLE_STRICT_OBJC_MSGSEND = YES;
				GCC_C_LANGUAGE_STANDARD = gnu99;
				GCC_NO_COMMON_BLOCKS = YES;
				GCC_WARN_64_TO_32_BIT_CONVERSION = YES;
				GCC_WARN_ABOUT_RETURN_TYPE = YES_ERROR;
				GCC_WARN_UNDECLARED_SELECTOR = YES;
				GCC_WARN_UNINITIALIZED_AUTOS = YES_AGGRESSIVE;
				GCC_WARN_UNUSED_FUNCTION = YES;
				GCC_WARN_UNUSED_VARIABLE = YES;
				IPHONEOS_DEPLOYMENT_TARGET = 9.0;
				MTL_ENABLE_DEBUG_INFO = NO;
				SDKROOT = iphoneos;
				TARGETED_DEVICE_FAMILY = "1,2";
				VALIDATE_PRODUCT = YES;
			};
			name = Release;
		};
		D7E350D91C67C1C300D60CD8 /* Debug */ = {
			isa = XCBuildConfiguration;
			buildSettings = {
				ASSETCATALOG_COMPILER_APPICON_NAME = AppIcon;
				INFOPLIST_FILE = BookSearch4/Info.plist;
				LD_RUNPATH_SEARCH_PATHS = "$(inherited) @executable_path/Frameworks";
				PRODUCT_BUNDLE_IDENTIFIER = mx.anibal.BookSearch4;
				PRODUCT_NAME = "$(TARGET_NAME)";
			};
			name = Debug;
		};
		D7E350DA1C67C1C300D60CD8 /* Release */ = {
			isa = XCBuildConfiguration;
			buildSettings = {
				ASSETCATALOG_COMPILER_APPICON_NAME = AppIcon;
				INFOPLIST_FILE = BookSearch4/Info.plist;
				LD_RUNPATH_SEARCH_PATHS = "$(inherited) @executable_path/Frameworks";
				PRODUCT_BUNDLE_IDENTIFIER = mx.anibal.BookSearch4;
				PRODUCT_NAME = "$(TARGET_NAME)";
			};
			name = Release;
		};
/* End XCBuildConfiguration section */

/* Begin XCConfigurationList section */
		D7E350BE1C67C1C200D60CD8 /* Build configuration list for PBXProject "BookSearch4" */ = {
			isa = XCConfigurationList;
			buildConfigurations = (
				D7E350D61C67C1C300D60CD8 /* Debug */,
				D7E350D71C67C1C300D60CD8 /* Release */,
			);
			defaultConfigurationIsVisible = 0;
			defaultConfigurationName = Release;
		};
		D7E350D81C67C1C300D60CD8 /* Build configuration list for PBXNativeTarget "BookSearch4" */ = {
			isa = XCConfigurationList;
			buildConfigurations = (
				D7E350D91C67C1C300D60CD8 /* Debug */,
				D7E350DA1C67C1C300D60CD8 /* Release */,
			);
			defaultConfigurationIsVisible = 0;
		};
/* End XCConfigurationList section */

/* Begin XCVersionGroup section */
		D7E350CD1C67C1C200D60CD8 /* BookSearch4.xcdatamodeld */ = {
			isa = XCVersionGroup;
			children = (
				D7E350CE1C67C1C200D60CD8 /* BookSearch4.xcdatamodel */,
			);
			currentVersion = D7E350CE1C67C1C200D60CD8 /* BookSearch4.xcdatamodel */;
			path = BookSearch4.xcdatamodeld;
			sourceTree = "<group>";
			versionGroupType = wrapper.xcdatamodel;
		};
/* End XCVersionGroup section */
	};
	rootObject = D7E350BB1C67C1C200D60CD8 /* Project object */;
}
